<Solution>
  <Folder Name="/SolutionItems/">
    <File Path=".gitignore" />
    <File Path="CHANGELOG.md" />
    <File Path="global.json" />
    <File Path="LICENSE.md" />
    <File Path="README.md" />
  </Folder>
  <Project Path="Flaggen.Example/Flaggen.Example.csproj" />
  <Project Path="Flaggen/Flaggen.csproj" />
</Solution>
