
Microsoft Visual Studio Solution File, Format Version 12.00
Project("{FAE04EC0-301F-11D3-BF4B-00C04F79EFBC}") = "Flaggen", "Flaggen\Flaggen.csproj", "{F1565063-7A02-46A1-914C-4EAB01EC66C9}"
EndProject
Project("{FAE04EC0-301F-11D3-BF4B-00C04F79EFBC}") = "Flaggen.Example", "Flaggen.Example\Flaggen.Example.csproj", "{70F84057-DC9B-4A61-A217-E9399517494E}"
EndProject
Project("{2150E333-8FDC-42A3-9474-1A3956D46DE8}") = "SolutionItems", "SolutionItems", "{1CC096BF-A581-466A-80A2-54023D067207}"
	ProjectSection(SolutionItems) = preProject
		.gitignore = .gitignore
		CHANGELOG.md = CHANGELOG.md
		global.json = global.json
		LICENSE.md = LICENSE.md
		README.md = README.md
	EndProjectSection
EndProject
Global
	GlobalSection(SolutionConfigurationPlatforms) = preSolution
		Debug|Any CPU = Debug|Any CPU
		Release|Any CPU = Release|Any CPU
	EndGlobalSection
	GlobalSection(ProjectConfigurationPlatforms) = postSolution
		{F1565063-7A02-46A1-914C-4EAB01EC66C9}.Debug|Any CPU.ActiveCfg = Debug|Any CPU
		{F1565063-7A02-46A1-914C-4EAB01EC66C9}.Debug|Any CPU.Build.0 = Debug|Any CPU
		{F1565063-7A02-46A1-914C-4EAB01EC66C9}.Release|Any CPU.ActiveCfg = Release|Any CPU
		{F1565063-7A02-46A1-914C-4EAB01EC66C9}.Release|Any CPU.Build.0 = Release|Any CPU
		{70F84057-DC9B-4A61-A217-E9399517494E}.Debug|Any CPU.ActiveCfg = Debug|Any CPU
		{70F84057-DC9B-4A61-A217-E9399517494E}.Debug|Any CPU.Build.0 = Debug|Any CPU
		{70F84057-DC9B-4A61-A217-E9399517494E}.Release|Any CPU.ActiveCfg = Release|Any CPU
		{70F84057-DC9B-4A61-A217-E9399517494E}.Release|Any CPU.Build.0 = Release|Any CPU
	EndGlobalSection
EndGlobal
